
Microsoft Visual Studio Solution File, Format Version 12.00
# Visual Studio Version 17
VisualStudioVersion = 17.0.31903.59
MinimumVisualStudioVersion = 10.0.40219.1
Project("{2150E333-8FDC-42A3-9474-1A3956D46DE8}") = "src", "src", "{7B6CCBBF-6009-4EAD-A29D-FF559378C5C9}"
EndProject
Project("{2150E333-8FDC-42A3-9474-1A3956D46DE8}") = "test", "test", "{01C56303-9B4D-41B8-9D3D-9F97CE516640}"
EndProject
Project("{2150E333-8FDC-42A3-9474-1A3956D46DE8}") = "aspire", "aspire", "{AEEF3CDC-1EE8-44DA-8B82-594EC8A8FF04}"
EndProject
Project("{2150E333-8FDC-42A3-9474-1A3956D46DE8}") = ".build", ".build", "{F6FD942C-E3FD-4615-8343-AAF9AA7408FF}"
	ProjectSection(SolutionItems) = preProject
		Directory.Packages.props = Directory.Packages.props
	EndProjectSection
EndProject
Project("{FAE04EC0-301F-11D3-BF4B-00C04F79EFBC}") = "ALB.ServiceDefaults", "aspire\ALB.ServiceDefaults\ALB.ServiceDefaults.csproj", "{1B280A21-9C8F-4996-8903-0EFAA5F890BD}"
EndProject
Project("{FAE04EC0-301F-11D3-BF4B-00C04F79EFBC}") = "ALB.Api", "src\ALB.Api\ALB.Api.csproj", "{00CD3BC3-763E-4492-9B06-99110BE4B662}"
EndProject
Project("{FAE04EC0-301F-11D3-BF4B-00C04F79EFBC}") = "ALB.Domain", "src\ALB.Domain\ALB.Domain.csproj", "{FF54374F-2110-4601-83BD-A54C218DFBE1}"
EndProject
Project("{FAE04EC0-301F-11D3-BF4B-00C04F79EFBC}") = "ALB.Infrastructure", "src\ALB.Infrastructure\ALB.Infrastructure.csproj", "{CD496D05-1D56-4038-9AF3-675A6597D822}"
EndProject
Project("{FAE04EC0-301F-11D3-BF4B-00C04F79EFBC}") = "ALB.AppHost", "aspire\ALB.AppHost\ALB.AppHost.csproj", "{A32A193B-B5DC-4A82-B0D6-0C108E2192AF}"
EndProject
Project("{FAE04EC0-301F-11D3-BF4B-00C04F79EFBC}") = "ApiIntegrationTests", "tests\ApiIntegrationTests\ApiIntegrationTests\ApiIntegrationTests.csproj", "{D6056638-9053-4041-806E-50CC5AB095FF}"
EndProject
Global
	GlobalSection(SolutionConfigurationPlatforms) = preSolution
		Debug|Any CPU = Debug|Any CPU
		Release|Any CPU = Release|Any CPU
	EndGlobalSection
	GlobalSection(ProjectConfigurationPlatforms) = postSolution
		{1B280A21-9C8F-4996-8903-0EFAA5F890BD}.Debug|Any CPU.ActiveCfg = Debug|Any CPU
		{1B280A21-9C8F-4996-8903-0EFAA5F890BD}.Debug|Any CPU.Build.0 = Debug|Any CPU
		{1B280A21-9C8F-4996-8903-0EFAA5F890BD}.Release|Any CPU.ActiveCfg = Release|Any CPU
		{1B280A21-9C8F-4996-8903-0EFAA5F890BD}.Release|Any CPU.Build.0 = Release|Any CPU
		{00CD3BC3-763E-4492-9B06-99110BE4B662}.Debug|Any CPU.ActiveCfg = Debug|Any CPU
		{00CD3BC3-763E-4492-9B06-99110BE4B662}.Debug|Any CPU.Build.0 = Debug|Any CPU
		{00CD3BC3-763E-4492-9B06-99110BE4B662}.Release|Any CPU.ActiveCfg = Release|Any CPU
		{00CD3BC3-763E-4492-9B06-99110BE4B662}.Release|Any CPU.Build.0 = Release|Any CPU
		{FF54374F-2110-4601-83BD-A54C218DFBE1}.Debug|Any CPU.ActiveCfg = Debug|Any CPU
		{FF54374F-2110-4601-83BD-A54C218DFBE1}.Debug|Any CPU.Build.0 = Debug|Any CPU
		{FF54374F-2110-4601-83BD-A54C218DFBE1}.Release|Any CPU.ActiveCfg = Release|Any CPU
		{FF54374F-2110-4601-83BD-A54C218DFBE1}.Release|Any CPU.Build.0 = Release|Any CPU
		{CD496D05-1D56-4038-9AF3-675A6597D822}.Debug|Any CPU.ActiveCfg = Debug|Any CPU
		{CD496D05-1D56-4038-9AF3-675A6597D822}.Debug|Any CPU.Build.0 = Debug|Any CPU
		{CD496D05-1D56-4038-9AF3-675A6597D822}.Release|Any CPU.ActiveCfg = Release|Any CPU
		{CD496D05-1D56-4038-9AF3-675A6597D822}.Release|Any CPU.Build.0 = Release|Any CPU
		{A32A193B-B5DC-4A82-B0D6-0C108E2192AF}.Debug|Any CPU.ActiveCfg = Debug|Any CPU
		{A32A193B-B5DC-4A82-B0D6-0C108E2192AF}.Debug|Any CPU.Build.0 = Debug|Any CPU
		{A32A193B-B5DC-4A82-B0D6-0C108E2192AF}.Release|Any CPU.ActiveCfg = Release|Any CPU
		{A32A193B-B5DC-4A82-B0D6-0C108E2192AF}.Release|Any CPU.Build.0 = Release|Any CPU
		{D6056638-9053-4041-806E-50CC5AB095FF}.Debug|Any CPU.ActiveCfg = Debug|Any CPU
		{D6056638-9053-4041-806E-50CC5AB095FF}.Debug|Any CPU.Build.0 = Debug|Any CPU
		{D6056638-9053-4041-806E-50CC5AB095FF}.Release|Any CPU.ActiveCfg = Release|Any CPU
		{D6056638-9053-4041-806E-50CC5AB095FF}.Release|Any CPU.Build.0 = Release|Any CPU
	EndGlobalSection
	GlobalSection(SolutionProperties) = preSolution
		HideSolutionNode = FALSE
	EndGlobalSection
	GlobalSection(NestedProjects) = preSolution
		{1B280A21-9C8F-4996-8903-0EFAA5F890BD} = {AEEF3CDC-1EE8-44DA-8B82-594EC8A8FF04}
		{00CD3BC3-763E-4492-9B06-99110BE4B662} = {7B6CCBBF-6009-4EAD-A29D-FF559378C5C9}
		{FF54374F-2110-4601-83BD-A54C218DFBE1} = {7B6CCBBF-6009-4EAD-A29D-FF559378C5C9}
		{CD496D05-1D56-4038-9AF3-675A6597D822} = {7B6CCBBF-6009-4EAD-A29D-FF559378C5C9}
		{A32A193B-B5DC-4A82-B0D6-0C108E2192AF} = {AEEF3CDC-1EE8-44DA-8B82-594EC8A8FF04}
		{D6056638-9053-4041-806E-50CC5AB095FF} = {01C56303-9B4D-41B8-9D3D-9F97CE516640}
	EndGlobalSection
EndGlobal
